// !$*UTF8*$!
{
	archiveVersion = 1;
	classes = {
	};
	objectVersion = 46;
	objects = {

/* Begin PBXBuildFile section */
		A8EBEEA31DB9D47700ADAB4F /* AppDelegate.swift in Sources */ = {isa = PBXBuildFile; fileRef = A8EBEEA21DB9D47700ADAB4F /* AppDelegate.swift */; };
		A8EBEEA51DB9D47700ADAB4F /* MealViewControler.swift in Sources */ = {isa = PBXBuildFile; fileRef = A8EBEEA41DB9D47700ADAB4F /* MealViewControler.swift */; };
		A8EBEEA81DB9D47700ADAB4F /* Main.storyboard in Resources */ = {isa = PBXBuildFile; fileRef = A8EBEEA61DB9D47700ADAB4F /* Main.storyboard */; };
		A8EBEEAA1DB9D47700ADAB4F /* Assets.xcassets in Resources */ = {isa = PBXBuildFile; fileRef = A8EBEEA91DB9D47700ADAB4F /* Assets.xcassets */; };
		A8EBEEAD1DB9D47700ADAB4F /* LaunchScreen.storyboard in Resources */ = {isa = PBXBuildFile; fileRef = A8EBEEAB1DB9D47700ADAB4F /* LaunchScreen.storyboard */; };
		A8EBEEB81DB9D47700ADAB4F /* Food_Tracker_000Tests.swift in Sources */ = {isa = PBXBuildFile; fileRef = A8EBEEB71DB9D47700ADAB4F /* Food_Tracker_000Tests.swift */; };
		A8EBEEC31DB9D9DB00ADAB4F /* RatingControl.swift in Sources */ = {isa = PBXBuildFile; fileRef = A8EBEEC21DB9D9DB00ADAB4F /* RatingControl.swift */; };
		A8EBEEC51DB9DB5C00ADAB4F /* Meal.swift in Sources */ = {isa = PBXBuildFile; fileRef = A8EBEEC41DB9DB5C00ADAB4F /* Meal.swift */; };
		A8EBEEC61DB9DB5C00ADAB4F /* Meal.swift in Sources */ = {isa = PBXBuildFile; fileRef = A8EBEEC41DB9DB5C00ADAB4F /* Meal.swift */; };
		A8EBEEC81DB9DD7C00ADAB4F /* MealTableViewCell.swift in Sources */ = {isa = PBXBuildFile; fileRef = A8EBEEC71DB9DD7C00ADAB4F /* MealTableViewCell.swift */; };
		A8EBEECA1DB9E14200ADAB4F /* MealTableViewController.swift in Sources */ = {isa = PBXBuildFile; fileRef = A8EBEEC91DB9E14200ADAB4F /* MealTableViewController.swift */; };
/* End PBXBuildFile section */

/* Begin PBXContainerItemProxy section */
		A8EBEEB41DB9D47700ADAB4F /* PBXContainerItemProxy */ = {
			isa = PBXContainerItemProxy;
			containerPortal = A8EBEE971DB9D47700ADAB4F /* Project object */;
			proxyType = 1;
			remoteGlobalIDString = A8EBEE9E1DB9D47700ADAB4F;
			remoteInfo = "Food Tracker 000";
		};
/* End PBXContainerItemProxy section */

/* Begin PBXFileReference section */
		A8EBEE9F1DB9D47700ADAB4F /* Food Tracker 000.app */ = {isa = PBXFileReference; explicitFileType = wrapper.application; includeInIndex = 0; path = "Food Tracker 000.app"; sourceTree = BUILT_PRODUCTS_DIR; };
		A8EBEEA21DB9D47700ADAB4F /* AppDelegate.swift */ = {isa = PBXFileReference; lastKnownFileType = sourcecode.swift; path = AppDelegate.swift; sourceTree = "<group>"; };
		A8EBEEA41DB9D47700ADAB4F /* MealViewControler.swift */ = {isa = PBXFileReference; lastKnownFileType = sourcecode.swift; path = MealViewControler.swift; sourceTree = "<group>"; };
		A8EBEEA71DB9D47700ADAB4F /* Base */ = {isa = PBXFileReference; lastKnownFileType = file.storyboard; name = Base; path = Base.lproj/Main.storyboard; sourceTree = "<group>"; };
		A8EBEEA91DB9D47700ADAB4F /* Assets.xcassets */ = {isa = PBXFileReference; lastKnownFileType = folder.assetcatalog; path = Assets.xcassets; sourceTree = "<group>"; };
		A8EBEEAC1DB9D47700ADAB4F /* Base */ = {isa = PBXFileReference; lastKnownFileType = file.storyboard; name = Base; path = Base.lproj/LaunchScreen.storyboard; sourceTree = "<group>"; };
		A8EBEEAE1DB9D47700ADAB4F /* Info.plist */ = {isa = PBXFileReference; lastKnownFileType = text.plist.xml; path = Info.plist; sourceTree = "<group>"; };
		A8EBEEB31DB9D47700ADAB4F /* Food Tracker 000Tests.xctest */ = {isa = PBXFileReference; explicitFileType = wrapper.cfbundle; includeInIndex = 0; path = "Food Tracker 000Tests.xctest"; sourceTree = BUILT_PRODUCTS_DIR; };
		A8EBEEB71DB9D47700ADAB4F /* Food_Tracker_000Tests.swift */ = {isa = PBXFileReference; lastKnownFileType = sourcecode.swift; path = Food_Tracker_000Tests.swift; sourceTree = "<group>"; };
		A8EBEEB91DB9D47700ADAB4F /* Info.plist */ = {isa = PBXFileReference; lastKnownFileType = text.plist.xml; path = Info.plist; sourceTree = "<group>"; };
		A8EBEEC21DB9D9DB00ADAB4F /* RatingControl.swift */ = {isa = PBXFileReference; fileEncoding = 4; lastKnownFileType = sourcecode.swift; name = RatingControl.swift; path = ../RatingControl.swift; sourceTree = "<group>"; };
		A8EBEEC41DB9DB5C00ADAB4F /* Meal.swift */ = {isa = PBXFileReference; fileEncoding = 4; lastKnownFileType = sourcecode.swift; name = Meal.swift; path = ../Meal.swift; sourceTree = "<group>"; };
		A8EBEEC71DB9DD7C00ADAB4F /* MealTableViewCell.swift */ = {isa = PBXFileReference; fileEncoding = 4; lastKnownFileType = sourcecode.swift; name = MealTableViewCell.swift; path = ../MealTableViewCell.swift; sourceTree = "<group>"; };
		A8EBEEC91DB9E14200ADAB4F /* MealTableViewController.swift */ = {isa = PBXFileReference; fileEncoding = 4; lastKnownFileType = sourcecode.swift; path = MealTableViewController.swift; sourceTree = "<group>"; };
/* End PBXFileReference section */

/* Begin PBXFrameworksBuildPhase section */
		A8EBEE9C1DB9D47700ADAB4F /* Frameworks */ = {
			isa = PBXFrameworksBuildPhase;
			buildActionMask = 2147483647;
			files = (
			);
			runOnlyForDeploymentPostprocessing = 0;
		};
		A8EBEEB01DB9D47700ADAB4F /* Frameworks */ = {
			isa = PBXFrameworksBuildPhase;
			buildActionMask = 2147483647;
			files = (
			);
			runOnlyForDeploymentPostprocessing = 0;
		};
/* End PBXFrameworksBuildPhase section */

/* Begin PBXGroup section */
		A8EBEE961DB9D47700ADAB4F = {
			isa = PBXGroup;
			children = (
				A8EBEEA11DB9D47700ADAB4F /* Food Tracker 000 */,
				A8EBEEB61DB9D47700ADAB4F /* Food Tracker 000Tests */,
				A8EBEEA01DB9D47700ADAB4F /* Products */,
			);
			sourceTree = "<group>";
		};
		A8EBEEA01DB9D47700ADAB4F /* Products */ = {
			isa = PBXGroup;
			children = (
				A8EBEE9F1DB9D47700ADAB4F /* Food Tracker 000.app */,
				A8EBEEB31DB9D47700ADAB4F /* Food Tracker 000Tests.xctest */,
			);
			name = Products;
			sourceTree = "<group>";
		};
		A8EBEEA11DB9D47700ADAB4F /* Food Tracker 000 */ = {
			isa = PBXGroup;
			children = (
				A8EBEEA21DB9D47700ADAB4F /* AppDelegate.swift */,
				A8EBEEA41DB9D47700ADAB4F /* MealViewControler.swift */,
				A8EBEEC21DB9D9DB00ADAB4F /* RatingControl.swift */,
				A8EBEEC41DB9DB5C00ADAB4F /* Meal.swift */,
				A8EBEEA61DB9D47700ADAB4F /* Main.storyboard */,
				A8EBEEC91DB9E14200ADAB4F /* MealTableViewController.swift */,
				A8EBEEC71DB9DD7C00ADAB4F /* MealTableViewCell.swift */,
				A8EBEEA91DB9D47700ADAB4F /* Assets.xcassets */,
				A8EBEEAB1DB9D47700ADAB4F /* LaunchScreen.storyboard */,
				A8EBEEAE1DB9D47700ADAB4F /* Info.plist */,
			);
			path = "Food Tracker 000";
			sourceTree = "<group>";
		};
		A8EBEEB61DB9D47700ADAB4F /* Food Tracker 000Tests */ = {
			isa = PBXGroup;
			children = (
				A8EBEEB71DB9D47700ADAB4F /* Food_Tracker_000Tests.swift */,
				A8EBEEB91DB9D47700ADAB4F /* Info.plist */,
			);
			path = "Food Tracker 000Tests";
			sourceTree = "<group>";
		};
/* End PBXGroup section */

/* Begin PBXNativeTarget section */
		A8EBEE9E1DB9D47700ADAB4F /* Food Tracker 000 */ = {
			isa = PBXNativeTarget;
			buildConfigurationList = A8EBEEBC1DB9D47700ADAB4F /* Build configuration list for PBXNativeTarget "Food Tracker 000" */;
			buildPhases = (
				A8EBEE9B1DB9D47700ADAB4F /* Sources */,
				A8EBEE9C1DB9D47700ADAB4F /* Frameworks */,
				A8EBEE9D1DB9D47700ADAB4F /* Resources */,
			);
			buildRules = (
			);
			dependencies = (
			);
			name = "Food Tracker 000";
			productName = "Food Tracker 000";
			productReference = A8EBEE9F1DB9D47700ADAB4F /* Food Tracker 000.app */;
			productType = "com.apple.product-type.application";
		};
		A8EBEEB21DB9D47700ADAB4F /* Food Tracker 000Tests */ = {
			isa = PBXNativeTarget;
			buildConfigurationList = A8EBEEBF1DB9D47700ADAB4F /* Build configuration list for PBXNativeTarget "Food Tracker 000Tests" */;
			buildPhases = (
				A8EBEEAF1DB9D47700ADAB4F /* Sources */,
				A8EBEEB01DB9D47700ADAB4F /* Frameworks */,
				A8EBEEB11DB9D47700ADAB4F /* Resources */,
			);
			buildRules = (
			);
			dependencies = (
				A8EBEEB51DB9D47700ADAB4F /* PBXTargetDependency */,
			);
			name = "Food Tracker 000Tests";
			productName = "Food Tracker 000Tests";
			productReference = A8EBEEB31DB9D47700ADAB4F /* Food Tracker 000Tests.xctest */;
			productType = "com.apple.product-type.bundle.unit-test";
		};
/* End PBXNativeTarget section */

/* Begin PBXProject section */
		A8EBEE971DB9D47700ADAB4F /* Project object */ = {
			isa = PBXProject;
			attributes = {
				LastSwiftUpdateCheck = 0800;
				LastUpgradeCheck = 0800;
				ORGANIZATIONNAME = "DANIEL CORNWELL";
				TargetAttributes = {
					A8EBEE9E1DB9D47700ADAB4F = {
						CreatedOnToolsVersion = 8.0;
						DevelopmentTeam = 5R23R3N98U;
						ProvisioningStyle = Automatic;
					};
					A8EBEEB21DB9D47700ADAB4F = {
						CreatedOnToolsVersion = 8.0;
						DevelopmentTeam = 5R23R3N98U;
						ProvisioningStyle = Automatic;
						TestTargetID = A8EBEE9E1DB9D47700ADAB4F;
					};
				};
			};
			buildConfigurationList = A8EBEE9A1DB9D47700ADAB4F /* Build configuration list for PBXProject "Food Tracker 000" */;
			compatibilityVersion = "Xcode 3.2";
			developmentRegion = English;
			hasScannedForEncodings = 0;
			knownRegions = (
				en,
				Base,
			);
			mainGroup = A8EBEE961DB9D47700ADAB4F;
			productRefGroup = A8EBEEA01DB9D47700ADAB4F /* Products */;
			projectDirPath = "";
			projectRoot = "";
			targets = (
				A8EBEE9E1DB9D47700ADAB4F /* Food Tracker 000 */,
				A8EBEEB21DB9D47700ADAB4F /* Food Tracker 000Tests */,
			);
		};
/* End PBXProject section */

/* Begin PBXResourcesBuildPhase section */
		A8EBEE9D1DB9D47700ADAB4F /* Resources */ = {
			isa = PBXResourcesBuildPhase;
			buildActionMask = 2147483647;
			files = (
				A8EBEEAD1DB9D47700ADAB4F /* LaunchScreen.storyboard in Resources */,
				A8EBEEAA1DB9D47700ADAB4F /* Assets.xcassets in Resources */,
				A8EBEEA81DB9D47700ADAB4F /* Main.storyboard in Resources */,
			);
			runOnlyForDeploymentPostprocessing = 0;
		};
		A8EBEEB11DB9D47700ADAB4F /* Resources */ = {
			isa = PBXResourcesBuildPhase;
			buildActionMask = 2147483647;
			files = (
			);
			runOnlyForDeploymentPostprocessing = 0;
		};
/* End PBXResourcesBuildPhase section */

/* Begin PBXSourcesBuildPhase section */
		A8EBEE9B1DB9D47700ADAB4F /* Sources */ = {
			isa = PBXSourcesBuildPhase;
			buildActionMask = 2147483647;
			files = (
				A8EBEEC51DB9DB5C00ADAB4F /* Meal.swift in Sources */,
				A8EBEEA51DB9D47700ADAB4F /* MealViewControler.swift in Sources */,
				A8EBEEC31DB9D9DB00ADAB4F /* RatingControl.swift in Sources */,
				A8EBEEA31DB9D47700ADAB4F /* AppDelegate.swift in Sources */,
				A8EBEECA1DB9E14200ADAB4F /* MealTableViewController.swift in Sources */,
				A8EBEEC81DB9DD7C00ADAB4F /* MealTableViewCell.swift in Sources */,
			);
			runOnlyForDeploymentPostprocessing = 0;
		};
		A8EBEEAF1DB9D47700ADAB4F /* Sources */ = {
			isa = PBXSourcesBuildPhase;
			buildActionMask = 2147483647;
			files = (
				A8EBEEC61DB9DB5C00ADAB4F /* Meal.swift in Sources */,
				A8EBEEB81DB9D47700ADAB4F /* Food_Tracker_000Tests.swift in Sources */,
			);
			runOnlyForDeploymentPostprocessing = 0;
		};
/* End PBXSourcesBuildPhase section */

/* Begin PBXTargetDependency section */
		A8EBEEB51DB9D47700ADAB4F /* PBXTargetDependency */ = {
			isa = PBXTargetDependency;
			target = A8EBEE9E1DB9D47700ADAB4F /* Food Tracker 000 */;
			targetProxy = A8EBEEB41DB9D47700ADAB4F /* PBXContainerItemProxy */;
		};
/* End PBXTargetDependency section */

/* Begin PBXVariantGroup section */
		A8EBEEA61DB9D47700ADAB4F /* Main.storyboard */ = {
			isa = PBXVariantGroup;
			children = (
				A8EBEEA71DB9D47700ADAB4F /* Base */,
			);
			name = Main.storyboard;
			sourceTree = "<group>";
		};
		A8EBEEAB1DB9D47700ADAB4F /* LaunchScreen.storyboard */ = {
			isa = PBXVariantGroup;
			children = (
				A8EBEEAC1DB9D47700ADAB4F /* Base */,
			);
			name = LaunchScreen.storyboard;
			sourceTree = "<group>";
		};
/* End PBXVariantGroup section */

/* Begin XCBuildConfiguration section */
		A8EBEEBA1DB9D47700ADAB4F /* Debug */ = {
			isa = XCBuildConfiguration;
			buildSettings = {
				ALWAYS_SEARCH_USER_PATHS = NO;
				CLANG_ANALYZER_NONNULL = YES;
				CLANG_CXX_LANGUAGE_STANDARD = "gnu++0x";
				CLANG_CXX_LIBRARY = "libc++";
				CLANG_ENABLE_MODULES = YES;
				CLANG_ENABLE_OBJC_ARC = YES;
				CLANG_WARN_BOOL_CONVERSION = YES;
				CLANG_WARN_CONSTANT_CONVERSION = YES;
				CLANG_WARN_DIRECT_OBJC_ISA_USAGE = YES_ERROR;
				CLANG_WARN_DOCUMENTATION_COMMENTS = YES;
				CLANG_WARN_EMPTY_BODY = YES;
				CLANG_WARN_ENUM_CONVERSION = YES;
				CLANG_WARN_INFINITE_RECURSION = YES;
				CLANG_WARN_INT_CONVERSION = YES;
				CLANG_WARN_OBJC_ROOT_CLASS = YES_ERROR;
				CLANG_WARN_SUSPICIOUS_MOVES = YES;
				CLANG_WARN_UNREACHABLE_CODE = YES;
				CLANG_WARN__DUPLICATE_METHOD_MATCH = YES;
				"CODE_SIGN_IDENTITY[sdk=iphoneos*]" = "iPhone Developer";
				COPY_PHASE_STRIP = NO;
				DEBUG_INFORMATION_FORMAT = dwarf;
				ENABLE_STRICT_OBJC_MSGSEND = YES;
				ENABLE_TESTABILITY = YES;
				GCC_C_LANGUAGE_STANDARD = gnu99;
				GCC_DYNAMIC_NO_PIC = NO;
				GCC_NO_COMMON_BLOCKS = YES;
				GCC_OPTIMIZATION_LEVEL = 0;
				GCC_PREPROCESSOR_DEFINITIONS = (
					"DEBUG=1",
					"$(inherited)",
				);
				GCC_WARN_64_TO_32_BIT_CONVERSION = YES;
				GCC_WARN_ABOUT_RETURN_TYPE = YES_ERROR;
				GCC_WARN_UNDECLARED_SELECTOR = YES;
				GCC_WARN_UNINITIALIZED_AUTOS = YES_AGGRESSIVE;
				GCC_WARN_UNUSED_FUNCTION = YES;
				GCC_WARN_UNUSED_VARIABLE = YES;
				IPHONEOS_DEPLOYMENT_TARGET = 10.0;
				MTL_ENABLE_DEBUG_INFO = YES;
				ONLY_ACTIVE_ARCH = YES;
				SDKROOT = iphoneos;
				SWIFT_ACTIVE_COMPILATION_CONDITIONS = DEBUG;
				SWIFT_OPTIMIZATION_LEVEL = "-Onone";
				TARGETED_DEVICE_FAMILY = "1,2";
			};
			name = Debug;
		};
		A8EBEEBB1DB9D47700ADAB4F /* Release */ = {
			isa = XCBuildConfiguration;
			buildSettings = {
				ALWAYS_SEARCH_USER_PATHS = NO;
				CLANG_ANALYZER_NONNULL = YES;
				CLANG_CXX_LANGUAGE_STANDARD = "gnu++0x";
				CLANG_CXX_LIBRARY = "libc++";
				CLANG_ENABLE_MODULES = YES;
				CLANG_ENABLE_OBJC_ARC = YES;
				CLANG_WARN_BOOL_CONVERSION = YES;
				CLANG_WARN_CONSTANT_CONVERSION = YES;
				CLANG_WARN_DIRECT_OBJC_ISA_USAGE = YES_ERROR;
				CLANG_WARN_DOCUMENTATION_COMMENTS = YES;
				CLANG_WARN_EMPTY_BODY = YES;
				CLANG_WARN_ENUM_CONVERSION = YES;
				CLANG_WARN_INFINITE_RECURSION = YES;
				CLANG_WARN_INT_CONVERSION = YES;
				CLANG_WARN_OBJC_ROOT_CLASS = YES_ERROR;
				CLANG_WARN_SUSPICIOUS_MOVES = YES;
				CLANG_WARN_UNREACHABLE_CODE = YES;
				CLANG_WARN__DUPLICATE_METHOD_MATCH = YES;
				"CODE_SIGN_IDENTITY[sdk=iphoneos*]" = "iPhone Developer";
				COPY_PHASE_STRIP = NO;
				DEBUG_INFORMATION_FORMAT = "dwarf-with-dsym";
				ENABLE_NS_ASSERTIONS = NO;
				ENABLE_STRICT_OBJC_MSGSEND = YES;
				GCC_C_LANGUAGE_STANDARD = gnu99;
				GCC_NO_COMMON_BLOCKS = YES;
				GCC_WARN_64_TO_32_BIT_CONVERSION = YES;
				GCC_WARN_ABOUT_RETURN_TYPE = YES_ERROR;
				GCC_WARN_UNDECLARED_SELECTOR = YES;
				GCC_WARN_UNINITIALIZED_AUTOS = YES_AGGRESSIVE;
				GCC_WARN_UNUSED_FUNCTION = YES;
				GCC_WARN_UNUSED_VARIABLE = YES;
				IPHONEOS_DEPLOYMENT_TARGET = 10.0;
				MTL_ENABLE_DEBUG_INFO = NO;
				SDKROOT = iphoneos;
				SWIFT_OPTIMIZATION_LEVEL = "-Owholemodule";
				TARGETED_DEVICE_FAMILY = "1,2";
				VALIDATE_PRODUCT = YES;
			};
			name = Release;
		};
		A8EBEEBD1DB9D47700ADAB4F /* Debug */ = {
			isa = XCBuildConfiguration;
			buildSettings = {
				ASSETCATALOG_COMPILER_APPICON_NAME = AppIcon;
				DEVELOPMENT_TEAM = 5R23R3N98U;
				INFOPLIST_FILE = "Food Tracker 000/Info.plist";
				LD_RUNPATH_SEARCH_PATHS = "$(inherited) @executable_path/Frameworks";
				PRODUCT_BUNDLE_IDENTIFIER = "cornwell.Food-Tracker-000";
				PRODUCT_NAME = "$(TARGET_NAME)";
				SWIFT_VERSION = 2.3;
			};
			name = Debug;
		};
		A8EBEEBE1DB9D47700ADAB4F /* Release */ = {
			isa = XCBuildConfiguration;
			buildSettings = {
				ASSETCATALOG_COMPILER_APPICON_NAME = AppIcon;
				DEVELOPMENT_TEAM = 5R23R3N98U;
				INFOPLIST_FILE = "Food Tracker 000/Info.plist";
				LD_RUNPATH_SEARCH_PATHS = "$(inherited) @executable_path/Frameworks";
				PRODUCT_BUNDLE_IDENTIFIER = "cornwell.Food-Tracker-000";
				PRODUCT_NAME = "$(TARGET_NAME)";
				SWIFT_VERSION = 2.3;
			};
			name = Release;
		};
		A8EBEEC01DB9D47700ADAB4F /* Debug */ = {
			isa = XCBuildConfiguration;
			buildSettings = {
				ALWAYS_EMBED_SWIFT_STANDARD_LIBRARIES = YES;
				BUNDLE_LOADER = "$(TEST_HOST)";
				DEVELOPMENT_TEAM = 5R23R3N98U;
				INFOPLIST_FILE = "Food Tracker 000Tests/Info.plist";
				LD_RUNPATH_SEARCH_PATHS = "$(inherited) @executable_path/Frameworks @loader_path/Frameworks";
				PRODUCT_BUNDLE_IDENTIFIER = "cornwell.Food-Tracker-000Tests";
				PRODUCT_NAME = "$(TARGET_NAME)";
				SWIFT_VERSION = 3.0;
				TEST_HOST = "$(BUILT_PRODUCTS_DIR)/Food Tracker 000.app/Food Tracker 000";
			};
			name = Debug;
		};
		A8EBEEC11DB9D47700ADAB4F /* Release */ = {
			isa = XCBuildConfiguration;
			buildSettings = {
				ALWAYS_EMBED_SWIFT_STANDARD_LIBRARIES = YES;
				BUNDLE_LOADER = "$(TEST_HOST)";
				DEVELOPMENT_TEAM = 5R23R3N98U;
				INFOPLIST_FILE = "Food Tracker 000Tests/Info.plist";
				LD_RUNPATH_SEARCH_PATHS = "$(inherited) @executable_path/Frameworks @loader_path/Frameworks";
				PRODUCT_BUNDLE_IDENTIFIER = "cornwell.Food-Tracker-000Tests";
				PRODUCT_NAME = "$(TARGET_NAME)";
				SWIFT_VERSION = 3.0;
				TEST_HOST = "$(BUILT_PRODUCTS_DIR)/Food Tracker 000.app/Food Tracker 000";
			};
			name = Release;
		};
/* End XCBuildConfiguration section */

/* Begin XCConfigurationList section */
		A8EBEE9A1DB9D47700ADAB4F /* Build configuration list for PBXProject "Food Tracker 000" */ = {
			isa = XCConfigurationList;
			buildConfigurations = (
				A8EBEEBA1DB9D47700ADAB4F /* Debug */,
				A8EBEEBB1DB9D47700ADAB4F /* Release */,
			);
			defaultConfigurationIsVisible = 0;
			defaultConfigurationName = Release;
		};
		A8EBEEBC1DB9D47700ADAB4F /* Build configuration list for PBXNativeTarget "Food Tracker 000" */ = {
			isa = XCConfigurationList;
			buildConfigurations = (
				A8EBEEBD1DB9D47700ADAB4F /* Debug */,
				A8EBEEBE1DB9D47700ADAB4F /* Release */,
			);
			defaultConfigurationIsVisible = 0;
			defaultConfigurationName = Release;
		};
		A8EBEEBF1DB9D47700ADAB4F /* Build configuration list for PBXNativeTarget "Food Tracker 000Tests" */ = {
			isa = XCConfigurationList;
			buildConfigurations = (
				A8EBEEC01DB9D47700ADAB4F /* Debug */,
				A8EBEEC11DB9D47700ADAB4F /* Release */,
			);
			defaultConfigurationIsVisible = 0;
			defaultConfigurationName = Release;
		};
/* End XCConfigurationList section */
	};
	rootObject = A8EBEE971DB9D47700ADAB4F /* Project object */;
}
